// !$*UTF8*$!
{
	archiveVersion = 1;
	classes = {
	};
	objectVersion = 46;
	objects = {

/* Begin PBXBuildFile section */
		4C07A32E1E9A868B00BBB049 /* NTGift.m in Sources */ = {isa = PBXBuildFile; fileRef = 4C07A32D1E9A868B00BBB049 /* NTGift.m */; };
		4C07A3301E9A872100BBB049 /* Male50+.xcassets in Resources */ = {isa = PBXBuildFile; fileRef = 4C07A32F1E9A872100BBB049 /* Male50+.xcassets */; };
		4C07A3321E9A87C900BBB049 /* Male30-50.xcassets in Resources */ = {isa = PBXBuildFile; fileRef = 4C07A3311E9A87C900BBB049 /* Male30-50.xcassets */; };
		4C07A3341E9A87E200BBB049 /* Male16-30.xcassets in Resources */ = {isa = PBXBuildFile; fileRef = 4C07A3331E9A87E200BBB049 /* Male16-30.xcassets */; };
		4C07A3361E9A880200BBB049 /* Male16-.xcassets in Resources */ = {isa = PBXBuildFile; fileRef = 4C07A3351E9A880200BBB049 /* Male16-.xcassets */; };
		4C6AD8771EF0815C000F4B77 /* NTCornerRadiusImage.m in Sources */ = {isa = PBXBuildFile; fileRef = 4C6AD8761EF0815C000F4B77 /* NTCornerRadiusImage.m */; };
		4C729CBA1E9A38B600CA6B8E /* Female50+.xcassets in Resources */ = {isa = PBXBuildFile; fileRef = 4C729CB91E9A38B600CA6B8E /* Female50+.xcassets */; };
		4C729CBC1E9A38EC00CA6B8E /* Female50+.plist in Resources */ = {isa = PBXBuildFile; fileRef = 4C729CBB1E9A38EC00CA6B8E /* Female50+.plist */; };
		4C729CC61E9A3B5E00CA6B8E /* Female30-50.xcassets in Resources */ = {isa = PBXBuildFile; fileRef = 4C729CC51E9A3B5E00CA6B8E /* Female30-50.xcassets */; };
		4C729CC81E9A3B6B00CA6B8E /* Female30-50.plist in Resources */ = {isa = PBXBuildFile; fileRef = 4C729CC71E9A3B6B00CA6B8E /* Female30-50.plist */; };
		4C729CCA1E9A434A00CA6B8E /* Female16-30.xcassets in Resources */ = {isa = PBXBuildFile; fileRef = 4C729CC91E9A434A00CA6B8E /* Female16-30.xcassets */; };
		4C729CCC1E9A435600CA6B8E /* Female16-30.plist in Resources */ = {isa = PBXBuildFile; fileRef = 4C729CCB1E9A435600CA6B8E /* Female16-30.plist */; };
		4C729CCE1E9A4E6800CA6B8E /* Female16-.xcassets in Resources */ = {isa = PBXBuildFile; fileRef = 4C729CCD1E9A4E6800CA6B8E /* Female16-.xcassets */; };
		4C729CD01E9A4E7200CA6B8E /* Female16-.plist in Resources */ = {isa = PBXBuildFile; fileRef = 4C729CCF1E9A4E7200CA6B8E /* Female16-.plist */; };
		4C96FC311EB0A8DD00AFB4E6 /* NTDetailViewController.m in Sources */ = {isa = PBXBuildFile; fileRef = 4C96FC301EB0A8DD00AFB4E6 /* NTDetailViewController.m */; };
		4C96FC351EB1F00200AFB4E6 /* UIColor+Theme.m in Sources */ = {isa = PBXBuildFile; fileRef = 4C96FC341EB1F00200AFB4E6 /* UIColor+Theme.m */; };
		4C96FC601EC361C700AFB4E6 /* FemaleAdd.xcassets in Resources */ = {isa = PBXBuildFile; fileRef = 4C96FC5F1EC361C700AFB4E6 /* FemaleAdd.xcassets */; };
		4C96FC621EC361E600AFB4E6 /* FemaleAdd.plist in Resources */ = {isa = PBXBuildFile; fileRef = 4C96FC611EC361E600AFB4E6 /* FemaleAdd.plist */; };
		4C96FC641EC372B300AFB4E6 /* MaleAdd.xcassets in Resources */ = {isa = PBXBuildFile; fileRef = 4C96FC631EC372B300AFB4E6 /* MaleAdd.xcassets */; };
		4C96FC661EC372CA00AFB4E6 /* MaleAdd.plist in Resources */ = {isa = PBXBuildFile; fileRef = 4C96FC651EC372CA00AFB4E6 /* MaleAdd.plist */; };
		4CA246C01EA7682400356B91 /* RKDropdownAlert.m in Sources */ = {isa = PBXBuildFile; fileRef = 4CA246BF1EA7682400356B91 /* RKDropdownAlert.m */; };
		4CD3DF6A1E8D6C7000E91F19 /* main.m in Sources */ = {isa = PBXBuildFile; fileRef = 4CD3DF691E8D6C7000E91F19 /* main.m */; };
		4CD3DF6D1E8D6C7000E91F19 /* AppDelegate.m in Sources */ = {isa = PBXBuildFile; fileRef = 4CD3DF6C1E8D6C7000E91F19 /* AppDelegate.m */; };
		4CD3DF731E8D6C7000E91F19 /* Main.storyboard in Resources */ = {isa = PBXBuildFile; fileRef = 4CD3DF711E8D6C7000E91F19 /* Main.storyboard */; };
		4CD3DF751E8D6C7000E91F19 /* Assets.xcassets in Resources */ = {isa = PBXBuildFile; fileRef = 4CD3DF741E8D6C7000E91F19 /* Assets.xcassets */; };
		4CD3DF781E8D6C7000E91F19 /* LaunchScreen.storyboard in Resources */ = {isa = PBXBuildFile; fileRef = 4CD3DF761E8D6C7000E91F19 /* LaunchScreen.storyboard */; };
		4CD3DF811E8D6D6600E91F19 /* NTMainViewController.m in Sources */ = {isa = PBXBuildFile; fileRef = 4CD3DF801E8D6D6600E91F19 /* NTMainViewController.m */; };
		4CD3E0241E93B48500E91F19 /* NTGiftViewController.m in Sources */ = {isa = PBXBuildFile; fileRef = 4CD3E0231E93B48500E91F19 /* NTGiftViewController.m */; };
		4CD3E0271E93BA0300E91F19 /* NTGiftCell.m in Sources */ = {isa = PBXBuildFile; fileRef = 4CD3E0261E93BA0300E91F19 /* NTGiftCell.m */; };
		4CD3E0B21E994B2700E91F19 /* Male50+.plist in Resources */ = {isa = PBXBuildFile; fileRef = 4CD3E0B11E994B2700E91F19 /* Male50+.plist */; };
		4CD3E0B61E99535700E91F19 /* Male30-50.plist in Resources */ = {isa = PBXBuildFile; fileRef = 4CD3E0B51E99535700E91F19 /* Male30-50.plist */; };
		4CD3E0BA1E9958F800E91F19 /* Male16-30.plist in Resources */ = {isa = PBXBuildFile; fileRef = 4CD3E0B91E9958F800E91F19 /* Male16-30.plist */; };
		4CD3E0BE1E9960A500E91F19 /* Male16-.plist in Resources */ = {isa = PBXBuildFile; fileRef = 4CD3E0BD1E9960A500E91F19 /* Male16-.plist */; };
		D904F9BAA989FE787D98581A /* libPods-GiftyApp.a in Frameworks */ = {isa = PBXBuildFile; fileRef = 925C9149517AEEFB0D6E5630 /* libPods-GiftyApp.a */; };
/* End PBXBuildFile section */

/* Begin PBXFileReference section */
		4C07A32D1E9A868B00BBB049 /* NTGift.m */ = {isa = PBXFileReference; fileEncoding = 4; lastKnownFileType = sourcecode.c.objc; path = NTGift.m; sourceTree = "<group>"; };
		4C07A32F1E9A872100BBB049 /* Male50+.xcassets */ = {isa = PBXFileReference; lastKnownFileType = folder.assetcatalog; name = "Male50+.xcassets"; path = "GiftyApp/Male50+.xcassets"; sourceTree = "<group>"; };
		4C07A3311E9A87C900BBB049 /* Male30-50.xcassets */ = {isa = PBXFileReference; lastKnownFileType = folder.assetcatalog; name = "Male30-50.xcassets"; path = "GiftyApp/Male30-50.xcassets"; sourceTree = "<group>"; };
		4C07A3331E9A87E200BBB049 /* Male16-30.xcassets */ = {isa = PBXFileReference; lastKnownFileType = folder.assetcatalog; name = "Male16-30.xcassets"; path = "GiftyApp/Male16-30.xcassets"; sourceTree = "<group>"; };
		4C07A3351E9A880200BBB049 /* Male16-.xcassets */ = {isa = PBXFileReference; lastKnownFileType = folder.assetcatalog; name = "Male16-.xcassets"; path = "GiftyApp/Male16-.xcassets"; sourceTree = "<group>"; };
		4C6AD8751EF0815C000F4B77 /* NTCornerRadiusImage.h */ = {isa = PBXFileReference; fileEncoding = 4; lastKnownFileType = sourcecode.c.h; path = NTCornerRadiusImage.h; sourceTree = "<group>"; };
		4C6AD8761EF0815C000F4B77 /* NTCornerRadiusImage.m */ = {isa = PBXFileReference; fileEncoding = 4; lastKnownFileType = sourcecode.c.objc; path = NTCornerRadiusImage.m; sourceTree = "<group>"; };
		4C729CB91E9A38B600CA6B8E /* Female50+.xcassets */ = {isa = PBXFileReference; lastKnownFileType = folder.assetcatalog; name = "Female50+.xcassets"; path = "GiftyApp/Female50+.xcassets"; sourceTree = "<group>"; };
		4C729CBB1E9A38EC00CA6B8E /* Female50+.plist */ = {isa = PBXFileReference; fileEncoding = 4; lastKnownFileType = text.plist.xml; path = "Female50+.plist"; sourceTree = "<group>"; };
		4C729CC51E9A3B5E00CA6B8E /* Female30-50.xcassets */ = {isa = PBXFileReference; lastKnownFileType = folder.assetcatalog; name = "Female30-50.xcassets"; path = "GiftyApp/Female30-50.xcassets"; sourceTree = "<group>"; };
		4C729CC71E9A3B6B00CA6B8E /* Female30-50.plist */ = {isa = PBXFileReference; fileEncoding = 4; lastKnownFileType = text.plist.xml; path = "Female30-50.plist"; sourceTree = "<group>"; };
		4C729CC91E9A434A00CA6B8E /* Female16-30.xcassets */ = {isa = PBXFileReference; lastKnownFileType = folder.assetcatalog; name = "Female16-30.xcassets"; path = "GiftyApp/Female16-30.xcassets"; sourceTree = "<group>"; };
		4C729CCB1E9A435600CA6B8E /* Female16-30.plist */ = {isa = PBXFileReference; fileEncoding = 4; lastKnownFileType = text.plist.xml; path = "Female16-30.plist"; sourceTree = "<group>"; };
		4C729CCD1E9A4E6800CA6B8E /* Female16-.xcassets */ = {isa = PBXFileReference; lastKnownFileType = folder.assetcatalog; name = "Female16-.xcassets"; path = "GiftyApp/Female16-.xcassets"; sourceTree = "<group>"; };
		4C729CCF1E9A4E7200CA6B8E /* Female16-.plist */ = {isa = PBXFileReference; fileEncoding = 4; lastKnownFileType = text.plist.xml; path = "Female16-.plist"; sourceTree = "<group>"; };
		4C96FC2F1EB0A8DD00AFB4E6 /* NTDetailViewController.h */ = {isa = PBXFileReference; fileEncoding = 4; lastKnownFileType = sourcecode.c.h; path = NTDetailViewController.h; sourceTree = "<group>"; };
		4C96FC301EB0A8DD00AFB4E6 /* NTDetailViewController.m */ = {isa = PBXFileReference; fileEncoding = 4; lastKnownFileType = sourcecode.c.objc; path = NTDetailViewController.m; sourceTree = "<group>"; };
		4C96FC331EB1F00200AFB4E6 /* UIColor+Theme.h */ = {isa = PBXFileReference; fileEncoding = 4; lastKnownFileType = sourcecode.c.h; path = "UIColor+Theme.h"; sourceTree = "<group>"; };
		4C96FC341EB1F00200AFB4E6 /* UIColor+Theme.m */ = {isa = PBXFileReference; fileEncoding = 4; lastKnownFileType = sourcecode.c.objc; path = "UIColor+Theme.m"; sourceTree = "<group>"; };
		4C96FC5F1EC361C700AFB4E6 /* FemaleAdd.xcassets */ = {isa = PBXFileReference; lastKnownFileType = folder.assetcatalog; name = FemaleAdd.xcassets; path = GiftyApp/FemaleAdd.xcassets; sourceTree = "<group>"; };
		4C96FC611EC361E600AFB4E6 /* FemaleAdd.plist */ = {isa = PBXFileReference; fileEncoding = 4; lastKnownFileType = text.plist.xml; path = FemaleAdd.plist; sourceTree = "<group>"; };
		4C96FC631EC372B300AFB4E6 /* MaleAdd.xcassets */ = {isa = PBXFileReference; lastKnownFileType = folder.assetcatalog; name = MaleAdd.xcassets; path = GiftyApp/MaleAdd.xcassets; sourceTree = "<group>"; };
		4C96FC651EC372CA00AFB4E6 /* MaleAdd.plist */ = {isa = PBXFileReference; fileEncoding = 4; lastKnownFileType = text.plist.xml; path = MaleAdd.plist; sourceTree = "<group>"; };
		4CA246BE1EA7682400356B91 /* RKDropdownAlert.h */ = {isa = PBXFileReference; fileEncoding = 4; lastKnownFileType = sourcecode.c.h; path = RKDropdownAlert.h; sourceTree = "<group>"; };
		4CA246BF1EA7682400356B91 /* RKDropdownAlert.m */ = {isa = PBXFileReference; fileEncoding = 4; lastKnownFileType = sourcecode.c.objc; path = RKDropdownAlert.m; sourceTree = "<group>"; };
		4CD3DF651E8D6C7000E91F19 /* GiftyApp.app */ = {isa = PBXFileReference; explicitFileType = wrapper.application; includeInIndex = 0; path = GiftyApp.app; sourceTree = BUILT_PRODUCTS_DIR; };
		4CD3DF691E8D6C7000E91F19 /* main.m */ = {isa = PBXFileReference; lastKnownFileType = sourcecode.c.objc; path = main.m; sourceTree = "<group>"; };
		4CD3DF6B1E8D6C7000E91F19 /* AppDelegate.h */ = {isa = PBXFileReference; lastKnownFileType = sourcecode.c.h; path = AppDelegate.h; sourceTree = "<group>"; };
		4CD3DF6C1E8D6C7000E91F19 /* AppDelegate.m */ = {isa = PBXFileReference; lastKnownFileType = sourcecode.c.objc; path = AppDelegate.m; sourceTree = "<group>"; };
		4CD3DF721E8D6C7000E91F19 /* Base */ = {isa = PBXFileReference; lastKnownFileType = file.storyboard; name = Base; path = Base.lproj/Main.storyboard; sourceTree = "<group>"; };
		4CD3DF741E8D6C7000E91F19 /* Assets.xcassets */ = {isa = PBXFileReference; lastKnownFileType = folder.assetcatalog; name = Assets.xcassets; path = GiftyApp/Assets.xcassets; sourceTree = "<group>"; };
		4CD3DF771E8D6C7000E91F19 /* Base */ = {isa = PBXFileReference; lastKnownFileType = file.storyboard; name = Base; path = Base.lproj/LaunchScreen.storyboard; sourceTree = "<group>"; };
		4CD3DF791E8D6C7000E91F19 /* Info.plist */ = {isa = PBXFileReference; lastKnownFileType = text.plist.xml; path = Info.plist; sourceTree = "<group>"; };
		4CD3DF7F1E8D6D6600E91F19 /* NTMainViewController.h */ = {isa = PBXFileReference; fileEncoding = 4; lastKnownFileType = sourcecode.c.h; path = NTMainViewController.h; sourceTree = "<group>"; };
		4CD3DF801E8D6D6600E91F19 /* NTMainViewController.m */ = {isa = PBXFileReference; fileEncoding = 4; lastKnownFileType = sourcecode.c.objc; path = NTMainViewController.m; sourceTree = "<group>"; };
		4CD3E0221E93B48500E91F19 /* NTGiftViewController.h */ = {isa = PBXFileReference; fileEncoding = 4; lastKnownFileType = sourcecode.c.h; path = NTGiftViewController.h; sourceTree = "<group>"; };
		4CD3E0231E93B48500E91F19 /* NTGiftViewController.m */ = {isa = PBXFileReference; fileEncoding = 4; lastKnownFileType = sourcecode.c.objc; path = NTGiftViewController.m; sourceTree = "<group>"; };
		4CD3E0251E93BA0300E91F19 /* NTGiftCell.h */ = {isa = PBXFileReference; fileEncoding = 4; lastKnownFileType = sourcecode.c.h; path = NTGiftCell.h; sourceTree = "<group>"; };
		4CD3E0261E93BA0300E91F19 /* NTGiftCell.m */ = {isa = PBXFileReference; fileEncoding = 4; lastKnownFileType = sourcecode.c.objc; path = NTGiftCell.m; sourceTree = "<group>"; };
		4CD3E0A51E98E6C300E91F19 /* NTGift.h */ = {isa = PBXFileReference; fileEncoding = 4; lastKnownFileType = sourcecode.c.h; path = NTGift.h; sourceTree = "<group>"; };
		4CD3E0B11E994B2700E91F19 /* Male50+.plist */ = {isa = PBXFileReference; fileEncoding = 4; lastKnownFileType = text.plist.xml; path = "Male50+.plist"; sourceTree = "<group>"; };
		4CD3E0B51E99535700E91F19 /* Male30-50.plist */ = {isa = PBXFileReference; fileEncoding = 4; lastKnownFileType = text.plist.xml; path = "Male30-50.plist"; sourceTree = "<group>"; };
		4CD3E0B91E9958F800E91F19 /* Male16-30.plist */ = {isa = PBXFileReference; fileEncoding = 4; lastKnownFileType = text.plist.xml; path = "Male16-30.plist"; sourceTree = "<group>"; };
		4CD3E0BD1E9960A500E91F19 /* Male16-.plist */ = {isa = PBXFileReference; fileEncoding = 4; lastKnownFileType = text.plist.xml; path = "Male16-.plist"; sourceTree = "<group>"; };
		67F35D1DCB8798E59D8E1131 /* Pods-GiftyApp.release.xcconfig */ = {isa = PBXFileReference; includeInIndex = 1; lastKnownFileType = text.xcconfig; name = "Pods-GiftyApp.release.xcconfig"; path = "Pods/Target Support Files/Pods-GiftyApp/Pods-GiftyApp.release.xcconfig"; sourceTree = "<group>"; };
		925C9149517AEEFB0D6E5630 /* libPods-GiftyApp.a */ = {isa = PBXFileReference; explicitFileType = archive.ar; includeInIndex = 0; path = "libPods-GiftyApp.a"; sourceTree = BUILT_PRODUCTS_DIR; };
		FB4007751723A43E180C6047 /* Pods-GiftyApp.debug.xcconfig */ = {isa = PBXFileReference; includeInIndex = 1; lastKnownFileType = text.xcconfig; name = "Pods-GiftyApp.debug.xcconfig"; path = "Pods/Target Support Files/Pods-GiftyApp/Pods-GiftyApp.debug.xcconfig"; sourceTree = "<group>"; };
/* End PBXFileReference section */

/* Begin PBXFrameworksBuildPhase section */
		4CD3DF621E8D6C7000E91F19 /* Frameworks */ = {
			isa = PBXFrameworksBuildPhase;
			buildActionMask = 2147483647;
			files = (
				D904F9BAA989FE787D98581A /* libPods-GiftyApp.a in Frameworks */,
			);
			runOnlyForDeploymentPostprocessing = 0;
		};
/* End PBXFrameworksBuildPhase section */

/* Begin PBXGroup section */
		1C342CA71F19E6157516CE83 /* Frameworks */ = {
			isa = PBXGroup;
			children = (
				925C9149517AEEFB0D6E5630 /* libPods-GiftyApp.a */,
			);
			name = Frameworks;
			sourceTree = "<group>";
		};
		4C07A3371E9A8AD400BBB049 /* Base */ = {
			isa = PBXGroup;
			children = (
				4CD3DF711E8D6C7000E91F19 /* Main.storyboard */,
				4CD3DF761E8D6C7000E91F19 /* LaunchScreen.storyboard */,
			);
			name = Base;
			sourceTree = "<group>";
		};
		4C6AD8741EF03961000F4B77 /* Image View */ = {
			isa = PBXGroup;
			children = (
				4C6AD8751EF0815C000F4B77 /* NTCornerRadiusImage.h */,
				4C6AD8761EF0815C000F4B77 /* NTCornerRadiusImage.m */,
			);
			name = "Image View";
			sourceTree = "<group>";
		};
		4C96FC321EB1E72C00AFB4E6 /* Detail Controller */ = {
			isa = PBXGroup;
			children = (
				4C96FC2F1EB0A8DD00AFB4E6 /* NTDetailViewController.h */,
				4C96FC301EB0A8DD00AFB4E6 /* NTDetailViewController.m */,
			);
			name = "Detail Controller";
			sourceTree = "<group>";
		};
		4C96FC361EB1F0BD00AFB4E6 /* Categories */ = {
			isa = PBXGroup;
			children = (
				4C96FC331EB1F00200AFB4E6 /* UIColor+Theme.h */,
				4C96FC341EB1F00200AFB4E6 /* UIColor+Theme.m */,
			);
			name = Categories;
			sourceTree = "<group>";
		};
		4CA246C11EA788E100356B91 /* RKDropdownAlert */ = {
			isa = PBXGroup;
			children = (
				4CA246BE1EA7682400356B91 /* RKDropdownAlert.h */,
				4CA246BF1EA7682400356B91 /* RKDropdownAlert.m */,
			);
			name = RKDropdownAlert;
			sourceTree = "<group>";
		};
		4CD3DF5C1E8D6C7000E91F19 = {
			isa = PBXGroup;
			children = (
				4CD3DF671E8D6C7000E91F19 /* GiftyApp */,
				4CD3DF661E8D6C7000E91F19 /* Products */,
				677D2C99229DA93ACF15FC60 /* Pods */,
				1C342CA71F19E6157516CE83 /* Frameworks */,
			);
			sourceTree = "<group>";
		};
		4CD3DF661E8D6C7000E91F19 /* Products */ = {
			isa = PBXGroup;
			children = (
				4CD3DF651E8D6C7000E91F19 /* GiftyApp.app */,
			);
			name = Products;
			sourceTree = "<group>";
		};
		4CD3DF671E8D6C7000E91F19 /* GiftyApp */ = {
			isa = PBXGroup;
			children = (
				4C6AD8741EF03961000F4B77 /* Image View */,
				4C96FC361EB1F0BD00AFB4E6 /* Categories */,
				4CA246C11EA788E100356B91 /* RKDropdownAlert */,
				4CD3E0A81E98E6C800E91F19 /* Models */,
				4CD3DF9F1E913B7A00E91F19 /* Cells */,
				4CD3DF8C1E8FBC4C00E91F19 /* Controllers */,
				4C07A3371E9A8AD400BBB049 /* Base */,
				4CD3E0981E96C2A500E91F19 /* Property Lists */,
				4CD3E0411E951F7F00E91F19 /* Assets */,
				4CD3DF681E8D6C7000E91F19 /* Supporting Files */,
			);
			path = GiftyApp;
			sourceTree = "<group>";
		};
		4CD3DF681E8D6C7000E91F19 /* Supporting Files */ = {
			isa = PBXGroup;
			children = (
				4CD3DF6B1E8D6C7000E91F19 /* AppDelegate.h */,
				4CD3DF6C1E8D6C7000E91F19 /* AppDelegate.m */,
				4CD3DF791E8D6C7000E91F19 /* Info.plist */,
				4CD3DF691E8D6C7000E91F19 /* main.m */,
			);
			name = "Supporting Files";
			sourceTree = "<group>";
		};
		4CD3DF8C1E8FBC4C00E91F19 /* Controllers */ = {
			isa = PBXGroup;
			children = (
				4CD3E0A91E98EE3D00E91F19 /* Main Controller */,
				4CD3E0AA1E98EE6000E91F19 /* Data Controllers */,
				4C96FC321EB1E72C00AFB4E6 /* Detail Controller */,
			);
			name = Controllers;
			sourceTree = "<group>";
		};
		4CD3DF9F1E913B7A00E91F19 /* Cells */ = {
			isa = PBXGroup;
			children = (
				4CD3E0251E93BA0300E91F19 /* NTGiftCell.h */,
				4CD3E0261E93BA0300E91F19 /* NTGiftCell.m */,
			);
			name = Cells;
			sourceTree = "<group>";
		};
		4CD3E0411E951F7F00E91F19 /* Assets */ = {
			isa = PBXGroup;
			children = (
				4CD3DF741E8D6C7000E91F19 /* Assets.xcassets */,
				4C729CB91E9A38B600CA6B8E /* Female50+.xcassets */,
				4C729CC51E9A3B5E00CA6B8E /* Female30-50.xcassets */,
				4C729CC91E9A434A00CA6B8E /* Female16-30.xcassets */,
				4C729CCD1E9A4E6800CA6B8E /* Female16-.xcassets */,
				4C07A32F1E9A872100BBB049 /* Male50+.xcassets */,
				4C07A3311E9A87C900BBB049 /* Male30-50.xcassets */,
				4C07A3331E9A87E200BBB049 /* Male16-30.xcassets */,
				4C07A3351E9A880200BBB049 /* Male16-.xcassets */,
				4C96FC5F1EC361C700AFB4E6 /* FemaleAdd.xcassets */,
				4C96FC631EC372B300AFB4E6 /* MaleAdd.xcassets */,
			);
			name = Assets;
			path = ..;
			sourceTree = "<group>";
		};
		4CD3E0981E96C2A500E91F19 /* Property Lists */ = {
			isa = PBXGroup;
			children = (
				4CD3E0B11E994B2700E91F19 /* Male50+.plist */,
				4CD3E0B51E99535700E91F19 /* Male30-50.plist */,
				4CD3E0B91E9958F800E91F19 /* Male16-30.plist */,
				4CD3E0BD1E9960A500E91F19 /* Male16-.plist */,
				4C729CBB1E9A38EC00CA6B8E /* Female50+.plist */,
				4C729CC71E9A3B6B00CA6B8E /* Female30-50.plist */,
				4C729CCB1E9A435600CA6B8E /* Female16-30.plist */,
				4C729CCF1E9A4E7200CA6B8E /* Female16-.plist */,
				4C96FC611EC361E600AFB4E6 /* FemaleAdd.plist */,
				4C96FC651EC372CA00AFB4E6 /* MaleAdd.plist */,
			);
			name = "Property Lists";
			sourceTree = "<group>";
		};
		4CD3E0A81E98E6C800E91F19 /* Models */ = {
			isa = PBXGroup;
			children = (
				4CD3E0A51E98E6C300E91F19 /* NTGift.h */,
				4C07A32D1E9A868B00BBB049 /* NTGift.m */,
			);
			name = Models;
			sourceTree = "<group>";
		};
		4CD3E0A91E98EE3D00E91F19 /* Main Controller */ = {
			isa = PBXGroup;
			children = (
				4CD3DF7F1E8D6D6600E91F19 /* NTMainViewController.h */,
				4CD3DF801E8D6D6600E91F19 /* NTMainViewController.m */,
			);
			name = "Main Controller";
			sourceTree = "<group>";
		};
		4CD3E0AA1E98EE6000E91F19 /* Data Controllers */ = {
			isa = PBXGroup;
			children = (
				4CD3E0221E93B48500E91F19 /* NTGiftViewController.h */,
				4CD3E0231E93B48500E91F19 /* NTGiftViewController.m */,
			);
			name = "Data Controllers";
			sourceTree = "<group>";
		};
		677D2C99229DA93ACF15FC60 /* Pods */ = {
			isa = PBXGroup;
			children = (
				FB4007751723A43E180C6047 /* Pods-GiftyApp.debug.xcconfig */,
				67F35D1DCB8798E59D8E1131 /* Pods-GiftyApp.release.xcconfig */,
			);
			name = Pods;
			sourceTree = "<group>";
		};
/* End PBXGroup section */

/* Begin PBXNativeTarget section */
		4CD3DF641E8D6C7000E91F19 /* GiftyApp */ = {
			isa = PBXNativeTarget;
			buildConfigurationList = 4CD3DF7C1E8D6C7000E91F19 /* Build configuration list for PBXNativeTarget "GiftyApp" */;
			buildPhases = (
				1E01968C7BEE4F34BB369505 /* [CP] Check Pods Manifest.lock */,
				4CD3DF611E8D6C7000E91F19 /* Sources */,
				4CD3DF621E8D6C7000E91F19 /* Frameworks */,
				4CD3DF631E8D6C7000E91F19 /* Resources */,
				A1A201CEE9B9AB144DC86E78 /* [CP] Embed Pods Frameworks */,
				B13CF0D1CD323C58EF2B97A2 /* [CP] Copy Pods Resources */,
			);
			buildRules = (
			);
			dependencies = (
			);
			name = GiftyApp;
			productName = GiftyApp;
			productReference = 4CD3DF651E8D6C7000E91F19 /* GiftyApp.app */;
			productType = "com.apple.product-type.application";
		};
/* End PBXNativeTarget section */

/* Begin PBXProject section */
		4CD3DF5D1E8D6C7000E91F19 /* Project object */ = {
			isa = PBXProject;
			attributes = {
				LastUpgradeCheck = 1010;
				ORGANIZATIONNAME = "Nikita Teslyuk";
				TargetAttributes = {
					4CD3DF641E8D6C7000E91F19 = {
						CreatedOnToolsVersion = 8.3;
						DevelopmentTeam = CJS444RRKW;
						ProvisioningStyle = Automatic;
					};
				};
			};
			buildConfigurationList = 4CD3DF601E8D6C7000E91F19 /* Build configuration list for PBXProject "GiftyApp" */;
			compatibilityVersion = "Xcode 3.2";
			developmentRegion = English;
			hasScannedForEncodings = 0;
			knownRegions = (
				en,
				Base,
			);
			mainGroup = 4CD3DF5C1E8D6C7000E91F19;
			productRefGroup = 4CD3DF661E8D6C7000E91F19 /* Products */;
			projectDirPath = "";
			projectRoot = "";
			targets = (
				4CD3DF641E8D6C7000E91F19 /* GiftyApp */,
			);
		};
/* End PBXProject section */

/* Begin PBXResourcesBuildPhase section */
		4CD3DF631E8D6C7000E91F19 /* Resources */ = {
			isa = PBXResourcesBuildPhase;
			buildActionMask = 2147483647;
			files = (
				4CD3DF781E8D6C7000E91F19 /* LaunchScreen.storyboard in Resources */,
				4C729CCA1E9A434A00CA6B8E /* Female16-30.xcassets in Resources */,
				4C729CC81E9A3B6B00CA6B8E /* Female30-50.plist in Resources */,
				4C729CBC1E9A38EC00CA6B8E /* Female50+.plist in Resources */,
				4C729CCE1E9A4E6800CA6B8E /* Female16-.xcassets in Resources */,
				4C96FC601EC361C700AFB4E6 /* FemaleAdd.xcassets in Resources */,
				4CD3E0BA1E9958F800E91F19 /* Male16-30.plist in Resources */,
				4CD3E0BE1E9960A500E91F19 /* Male16-.plist in Resources */,
				4C729CBA1E9A38B600CA6B8E /* Female50+.xcassets in Resources */,
				4C96FC661EC372CA00AFB4E6 /* MaleAdd.plist in Resources */,
				4C07A3321E9A87C900BBB049 /* Male30-50.xcassets in Resources */,
				4C07A3361E9A880200BBB049 /* Male16-.xcassets in Resources */,
				4C729CC61E9A3B5E00CA6B8E /* Female30-50.xcassets in Resources */,
				4C96FC641EC372B300AFB4E6 /* MaleAdd.xcassets in Resources */,
				4CD3DF751E8D6C7000E91F19 /* Assets.xcassets in Resources */,
				4C729CD01E9A4E7200CA6B8E /* Female16-.plist in Resources */,
				4C96FC621EC361E600AFB4E6 /* FemaleAdd.plist in Resources */,
				4C07A3341E9A87E200BBB049 /* Male16-30.xcassets in Resources */,
				4C07A3301E9A872100BBB049 /* Male50+.xcassets in Resources */,
				4CD3E0B61E99535700E91F19 /* Male30-50.plist in Resources */,
				4C729CCC1E9A435600CA6B8E /* Female16-30.plist in Resources */,
				4CD3E0B21E994B2700E91F19 /* Male50+.plist in Resources */,
				4CD3DF731E8D6C7000E91F19 /* Main.storyboard in Resources */,
			);
			runOnlyForDeploymentPostprocessing = 0;
		};
/* End PBXResourcesBuildPhase section */

/* Begin PBXShellScriptBuildPhase section */
		1E01968C7BEE4F34BB369505 /* [CP] Check Pods Manifest.lock */ = {
			isa = PBXShellScriptBuildPhase;
			buildActionMask = 2147483647;
			files = (
			);
			inputPaths = (
			);
			name = "[CP] Check Pods Manifest.lock";
			outputPaths = (
			);
			runOnlyForDeploymentPostprocessing = 0;
			shellPath = /bin/sh;
			shellScript = "diff \"${PODS_PODFILE_DIR_PATH}/Podfile.lock\" \"${PODS_ROOT}/Manifest.lock\" > /dev/null\nif [ $? != 0 ] ; then\n    # print error to STDERR\n    echo \"error: The sandbox is not in sync with the Podfile.lock. Run 'pod install' or update your CocoaPods installation.\" >&2\n    exit 1\nfi\n";
			showEnvVarsInLog = 0;
		};
		A1A201CEE9B9AB144DC86E78 /* [CP] Embed Pods Frameworks */ = {
			isa = PBXShellScriptBuildPhase;
			buildActionMask = 2147483647;
			files = (
			);
			inputPaths = (
			);
			name = "[CP] Embed Pods Frameworks";
			outputPaths = (
			);
			runOnlyForDeploymentPostprocessing = 0;
			shellPath = /bin/sh;
			shellScript = "\"${SRCROOT}/Pods/Target Support Files/Pods-GiftyApp/Pods-GiftyApp-frameworks.sh\"\n";
			showEnvVarsInLog = 0;
		};
		B13CF0D1CD323C58EF2B97A2 /* [CP] Copy Pods Resources */ = {
			isa = PBXShellScriptBuildPhase;
			buildActionMask = 2147483647;
			files = (
			);
			inputPaths = (
			);
			name = "[CP] Copy Pods Resources";
			outputPaths = (
			);
			runOnlyForDeploymentPostprocessing = 0;
			shellPath = /bin/sh;
			shellScript = "\"${SRCROOT}/Pods/Target Support Files/Pods-GiftyApp/Pods-GiftyApp-resources.sh\"\n";
			showEnvVarsInLog = 0;
		};
/* End PBXShellScriptBuildPhase section */

/* Begin PBXSourcesBuildPhase section */
		4CD3DF611E8D6C7000E91F19 /* Sources */ = {
			isa = PBXSourcesBuildPhase;
			buildActionMask = 2147483647;
			files = (
				4C6AD8771EF0815C000F4B77 /* NTCornerRadiusImage.m in Sources */,
				4C07A32E1E9A868B00BBB049 /* NTGift.m in Sources */,
				4C96FC351EB1F00200AFB4E6 /* UIColor+Theme.m in Sources */,
				4CD3DF6D1E8D6C7000E91F19 /* AppDelegate.m in Sources */,
				4CD3DF6A1E8D6C7000E91F19 /* main.m in Sources */,
				4CA246C01EA7682400356B91 /* RKDropdownAlert.m in Sources */,
				4CD3E0271E93BA0300E91F19 /* NTGiftCell.m in Sources */,
				4CD3DF811E8D6D6600E91F19 /* NTMainViewController.m in Sources */,
				4C96FC311EB0A8DD00AFB4E6 /* NTDetailViewController.m in Sources */,
				4CD3E0241E93B48500E91F19 /* NTGiftViewController.m in Sources */,
			);
			runOnlyForDeploymentPostprocessing = 0;
		};
/* End PBXSourcesBuildPhase section */

/* Begin PBXVariantGroup section */
		4CD3DF711E8D6C7000E91F19 /* Main.storyboard */ = {
			isa = PBXVariantGroup;
			children = (
				4CD3DF721E8D6C7000E91F19 /* Base */,
			);
			name = Main.storyboard;
			sourceTree = "<group>";
		};
		4CD3DF761E8D6C7000E91F19 /* LaunchScreen.storyboard */ = {
			isa = PBXVariantGroup;
			children = (
				4CD3DF771E8D6C7000E91F19 /* Base */,
			);
			name = LaunchScreen.storyboard;
			sourceTree = "<group>";
		};
/* End PBXVariantGroup section */

/* Begin XCBuildConfiguration section */
		4CD3DF7A1E8D6C7000E91F19 /* Debug */ = {
			isa = XCBuildConfiguration;
			buildSettings = {
				ALWAYS_SEARCH_USER_PATHS = NO;
				CLANG_ANALYZER_NONNULL = YES;
				CLANG_ANALYZER_NUMBER_OBJECT_CONVERSION = YES_AGGRESSIVE;
				CLANG_CXX_LANGUAGE_STANDARD = "gnu++0x";
				CLANG_CXX_LIBRARY = "libc++";
				CLANG_ENABLE_MODULES = YES;
				CLANG_ENABLE_OBJC_ARC = YES;
				CLANG_WARN_BLOCK_CAPTURE_AUTORELEASING = YES;
				CLANG_WARN_BOOL_CONVERSION = YES;
				CLANG_WARN_COMMA = YES;
				CLANG_WARN_CONSTANT_CONVERSION = YES;
				CLANG_WARN_DEPRECATED_OBJC_IMPLEMENTATIONS = YES;
				CLANG_WARN_DIRECT_OBJC_ISA_USAGE = YES_ERROR;
				CLANG_WARN_DOCUMENTATION_COMMENTS = YES;
				CLANG_WARN_EMPTY_BODY = YES;
				CLANG_WARN_ENUM_CONVERSION = YES;
				CLANG_WARN_INFINITE_RECURSION = YES;
				CLANG_WARN_INT_CONVERSION = YES;
				CLANG_WARN_NON_LITERAL_NULL_CONVERSION = YES;
				CLANG_WARN_OBJC_IMPLICIT_RETAIN_SELF = YES;
				CLANG_WARN_OBJC_LITERAL_CONVERSION = YES;
				CLANG_WARN_OBJC_ROOT_CLASS = YES_ERROR;
				CLANG_WARN_RANGE_LOOP_ANALYSIS = YES;
				CLANG_WARN_STRICT_PROTOTYPES = YES;
				CLANG_WARN_SUSPICIOUS_MOVE = YES;
				CLANG_WARN_UNREACHABLE_CODE = YES;
				CLANG_WARN__DUPLICATE_METHOD_MATCH = YES;
				"CODE_SIGN_IDENTITY[sdk=iphoneos*]" = "iPhone Developer";
				COPY_PHASE_STRIP = NO;
				DEBUG_INFORMATION_FORMAT = dwarf;
				ENABLE_STRICT_OBJC_MSGSEND = YES;
				ENABLE_TESTABILITY = YES;
				GCC_C_LANGUAGE_STANDARD = gnu99;
				GCC_DYNAMIC_NO_PIC = NO;
				GCC_NO_COMMON_BLOCKS = YES;
				GCC_OPTIMIZATION_LEVEL = 0;
				GCC_PREPROCESSOR_DEFINITIONS = (
					"DEBUG=1",
					"$(inherited)",
				);
				GCC_WARN_64_TO_32_BIT_CONVERSION = YES;
				GCC_WARN_ABOUT_RETURN_TYPE = YES_ERROR;
				GCC_WARN_UNDECLARED_SELECTOR = YES;
				GCC_WARN_UNINITIALIZED_AUTOS = YES_AGGRESSIVE;
				GCC_WARN_UNUSED_FUNCTION = YES;
				GCC_WARN_UNUSED_VARIABLE = YES;
				IPHONEOS_DEPLOYMENT_TARGET = 10.3;
				MTL_ENABLE_DEBUG_INFO = YES;
				ONLY_ACTIVE_ARCH = YES;
				SDKROOT = iphoneos;
			};
			name = Debug;
		};
		4CD3DF7B1E8D6C7000E91F19 /* Release */ = {
			isa = XCBuildConfiguration;
			buildSettings = {
				ALWAYS_SEARCH_USER_PATHS = NO;
				CLANG_ANALYZER_NONNULL = YES;
				CLANG_ANALYZER_NUMBER_OBJECT_CONVERSION = YES_AGGRESSIVE;
				CLANG_CXX_LANGUAGE_STANDARD = "gnu++0x";
				CLANG_CXX_LIBRARY = "libc++";
				CLANG_ENABLE_MODULES = YES;
				CLANG_ENABLE_OBJC_ARC = YES;
				CLANG_WARN_BLOCK_CAPTURE_AUTORELEASING = YES;
				CLANG_WARN_BOOL_CONVERSION = YES;
				CLANG_WARN_COMMA = YES;
				CLANG_WARN_CONSTANT_CONVERSION = YES;
				CLANG_WARN_DEPRECATED_OBJC_IMPLEMENTATIONS = YES;
				CLANG_WARN_DIRECT_OBJC_ISA_USAGE = YES_ERROR;
				CLANG_WARN_DOCUMENTATION_COMMENTS = YES;
				CLANG_WARN_EMPTY_BODY = YES;
				CLANG_WARN_ENUM_CONVERSION = YES;
				CLANG_WARN_INFINITE_RECURSION = YES;
				CLANG_WARN_INT_CONVERSION = YES;
				CLANG_WARN_NON_LITERAL_NULL_CONVERSION = YES;
				CLANG_WARN_OBJC_IMPLICIT_RETAIN_SELF = YES;
				CLANG_WARN_OBJC_LITERAL_CONVERSION = YES;
				CLANG_WARN_OBJC_ROOT_CLASS = YES_ERROR;
				CLANG_WARN_RANGE_LOOP_ANALYSIS = YES;
				CLANG_WARN_STRICT_PROTOTYPES = YES;
				CLANG_WARN_SUSPICIOUS_MOVE = YES;
				CLANG_WARN_UNREACHABLE_CODE = YES;
				CLANG_WARN__DUPLICATE_METHOD_MATCH = YES;
				"CODE_SIGN_IDENTITY[sdk=iphoneos*]" = "iPhone Developer";
				COPY_PHASE_STRIP = NO;
				DEBUG_INFORMATION_FORMAT = "dwarf-with-dsym";
				ENABLE_NS_ASSERTIONS = NO;
				ENABLE_STRICT_OBJC_MSGSEND = YES;
				GCC_C_LANGUAGE_STANDARD = gnu99;
				GCC_NO_COMMON_BLOCKS = YES;
				GCC_WARN_64_TO_32_BIT_CONVERSION = YES;
				GCC_WARN_ABOUT_RETURN_TYPE = YES_ERROR;
				GCC_WARN_UNDECLARED_SELECTOR = YES;
				GCC_WARN_UNINITIALIZED_AUTOS = YES_AGGRESSIVE;
				GCC_WARN_UNUSED_FUNCTION = YES;
				GCC_WARN_UNUSED_VARIABLE = YES;
				IPHONEOS_DEPLOYMENT_TARGET = 10.3;
				MTL_ENABLE_DEBUG_INFO = NO;
				SDKROOT = iphoneos;
				VALIDATE_PRODUCT = YES;
			};
			name = Release;
		};
		4CD3DF7D1E8D6C7000E91F19 /* Debug */ = {
			isa = XCBuildConfiguration;
			baseConfigurationReference = FB4007751723A43E180C6047 /* Pods-GiftyApp.debug.xcconfig */;
			buildSettings = {
				ASSETCATALOG_COMPILER_APPICON_NAME = AppIcon;
				DEVELOPMENT_TEAM = CJS444RRKW;
				INFOPLIST_FILE = GiftyApp/Info.plist;
				IPHONEOS_DEPLOYMENT_TARGET = 10.3;
				LD_RUNPATH_SEARCH_PATHS = "$(inherited) @executable_path/Frameworks";
				PRODUCT_BUNDLE_IDENTIFIER = com.nikitateslyuk.dev.GiftyApp;
				PRODUCT_NAME = "$(TARGET_NAME)";
				TARGETED_DEVICE_FAMILY = 1;
			};
			name = Debug;
		};
		4CD3DF7E1E8D6C7000E91F19 /* Release */ = {
			isa = XCBuildConfiguration;
			baseConfigurationReference = 67F35D1DCB8798E59D8E1131 /* Pods-GiftyApp.release.xcconfig */;
			buildSettings = {
				ASSETCATALOG_COMPILER_APPICON_NAME = AppIcon;
				DEVELOPMENT_TEAM = CJS444RRKW;
				INFOPLIST_FILE = GiftyApp/Info.plist;
				IPHONEOS_DEPLOYMENT_TARGET = 10.3;
				LD_RUNPATH_SEARCH_PATHS = "$(inherited) @executable_path/Frameworks";
				PRODUCT_BUNDLE_IDENTIFIER = com.nikitateslyuk.dev.GiftyApp;
				PRODUCT_NAME = "$(TARGET_NAME)";
				TARGETED_DEVICE_FAMILY = 1;
			};
			name = Release;
		};
/* End XCBuildConfiguration section */

/* Begin XCConfigurationList section */
		4CD3DF601E8D6C7000E91F19 /* Build configuration list for PBXProject "GiftyApp" */ = {
			isa = XCConfigurationList;
			buildConfigurations = (
				4CD3DF7A1E8D6C7000E91F19 /* Debug */,
				4CD3DF7B1E8D6C7000E91F19 /* Release */,
			);
			defaultConfigurationIsVisible = 0;
			defaultConfigurationName = Release;
		};
		4CD3DF7C1E8D6C7000E91F19 /* Build configuration list for PBXNativeTarget "GiftyApp" */ = {
			isa = XCConfigurationList;
			buildConfigurations = (
				4CD3DF7D1E8D6C7000E91F19 /* Debug */,
				4CD3DF7E1E8D6C7000E91F19 /* Release */,
			);
			defaultConfigurationIsVisible = 0;
			defaultConfigurationName = Release;
		};
/* End XCConfigurationList section */
	};
	rootObject = 4CD3DF5D1E8D6C7000E91F19 /* Project object */;
}
