// !$*UTF8*$!
{
	archiveVersion = 1;
	classes = {
	};
	objectVersion = 46;
	objects = {

/* Begin PBXBuildFile section */
		4CD3DF6A1E8D6C7000E91F19 /* main.m in Sources */ = {isa = PBXBuildFile; fileRef = 4CD3DF691E8D6C7000E91F19 /* main.m */; };
		4CD3DF6D1E8D6C7000E91F19 /* AppDelegate.m in Sources */ = {isa = PBXBuildFile; fileRef = 4CD3DF6C1E8D6C7000E91F19 /* AppDelegate.m */; };
		4CD3DF731E8D6C7000E91F19 /* Main.storyboard in Resources */ = {isa = PBXBuildFile; fileRef = 4CD3DF711E8D6C7000E91F19 /* Main.storyboard */; };
		4CD3DF751E8D6C7000E91F19 /* Assets.xcassets in Resources */ = {isa = PBXBuildFile; fileRef = 4CD3DF741E8D6C7000E91F19 /* Assets.xcassets */; };
		4CD3DF781E8D6C7000E91F19 /* LaunchScreen.storyboard in Resources */ = {isa = PBXBuildFile; fileRef = 4CD3DF761E8D6C7000E91F19 /* LaunchScreen.storyboard */; };
		4CD3DF811E8D6D6600E91F19 /* NTMainViewController.m in Sources */ = {isa = PBXBuildFile; fileRef = 4CD3DF801E8D6D6600E91F19 /* NTMainViewController.m */; };
		4CD3DF841E8D6F7800E91F19 /* NTSexViewController.m in Sources */ = {isa = PBXBuildFile; fileRef = 4CD3DF831E8D6F7800E91F19 /* NTSexViewController.m */; };
		4CD3DF871E8D76FC00E91F19 /* NTAgeViewController.m in Sources */ = {isa = PBXBuildFile; fileRef = 4CD3DF861E8D76FC00E91F19 /* NTAgeViewController.m */; };
		4CD3DF8A1E8EAC4A00E91F19 /* NTOccasionViewController.m in Sources */ = {isa = PBXBuildFile; fileRef = 4CD3DF891E8EAC4A00E91F19 /* NTOccasionViewController.m */; };
		4CD3E0241E93B48500E91F19 /* NTGiftViewController.m in Sources */ = {isa = PBXBuildFile; fileRef = 4CD3E0231E93B48500E91F19 /* NTGiftViewController.m */; };
		4CD3E0271E93BA0300E91F19 /* NTGiftCell.m in Sources */ = {isa = PBXBuildFile; fileRef = 4CD3E0261E93BA0300E91F19 /* NTGiftCell.m */; };
		4CD3E08C1E95502800E91F19 /* Female16-.xcassets in Resources */ = {isa = PBXBuildFile; fileRef = 4CD3E0841E95502800E91F19 /* Female16-.xcassets */; };
		4CD3E08D1E95502800E91F19 /* Female16-30.xcassets in Resources */ = {isa = PBXBuildFile; fileRef = 4CD3E0851E95502800E91F19 /* Female16-30.xcassets */; };
		4CD3E08E1E95502800E91F19 /* Female30-50.xcassets in Resources */ = {isa = PBXBuildFile; fileRef = 4CD3E0861E95502800E91F19 /* Female30-50.xcassets */; };
		4CD3E08F1E95502800E91F19 /* Female50+.xcassets in Resources */ = {isa = PBXBuildFile; fileRef = 4CD3E0871E95502800E91F19 /* Female50+.xcassets */; };
		4CD3E0901E95502800E91F19 /* Male16-.xcassets in Resources */ = {isa = PBXBuildFile; fileRef = 4CD3E0881E95502800E91F19 /* Male16-.xcassets */; };
		4CD3E0911E95502800E91F19 /* Male16-30.xcassets in Resources */ = {isa = PBXBuildFile; fileRef = 4CD3E0891E95502800E91F19 /* Male16-30.xcassets */; };
		4CD3E0921E95502800E91F19 /* Male30-50.xcassets in Resources */ = {isa = PBXBuildFile; fileRef = 4CD3E08A1E95502800E91F19 /* Male30-50.xcassets */; };
		4CD3E0931E95502800E91F19 /* Male50+.xcassets in Resources */ = {isa = PBXBuildFile; fileRef = 4CD3E08B1E95502800E91F19 /* Male50+.xcassets */; };
		4CD3E0951E96BC5900E91F19 /* Female16-.plist in Resources */ = {isa = PBXBuildFile; fileRef = 4CD3E0941E96BC5900E91F19 /* Female16-.plist */; };
		4CD3E0971E96C29600E91F19 /* Female16-30.plist in Resources */ = {isa = PBXBuildFile; fileRef = 4CD3E0961E96C29600E91F19 /* Female16-30.plist */; };
		4CD3E09A1E96C89800E91F19 /* Female30-50.plist in Resources */ = {isa = PBXBuildFile; fileRef = 4CD3E0991E96C89800E91F19 /* Female30-50.plist */; };
		4CD3E09C1E96D0FC00E91F19 /* Female50+.plist in Resources */ = {isa = PBXBuildFile; fileRef = 4CD3E09B1E96D0FC00E91F19 /* Female50+.plist */; };
/* End PBXBuildFile section */

/* Begin PBXFileReference section */
		4CD3DF651E8D6C7000E91F19 /* GiftyApp.app */ = {isa = PBXFileReference; explicitFileType = wrapper.application; includeInIndex = 0; path = GiftyApp.app; sourceTree = BUILT_PRODUCTS_DIR; };
		4CD3DF691E8D6C7000E91F19 /* main.m */ = {isa = PBXFileReference; lastKnownFileType = sourcecode.c.objc; path = main.m; sourceTree = "<group>"; };
		4CD3DF6B1E8D6C7000E91F19 /* AppDelegate.h */ = {isa = PBXFileReference; lastKnownFileType = sourcecode.c.h; path = AppDelegate.h; sourceTree = "<group>"; };
		4CD3DF6C1E8D6C7000E91F19 /* AppDelegate.m */ = {isa = PBXFileReference; lastKnownFileType = sourcecode.c.objc; path = AppDelegate.m; sourceTree = "<group>"; };
		4CD3DF721E8D6C7000E91F19 /* Base */ = {isa = PBXFileReference; lastKnownFileType = file.storyboard; name = Base; path = Base.lproj/Main.storyboard; sourceTree = "<group>"; };
		4CD3DF741E8D6C7000E91F19 /* Assets.xcassets */ = {isa = PBXFileReference; lastKnownFileType = folder.assetcatalog; name = Assets.xcassets; path = GiftyApp/Assets.xcassets; sourceTree = "<group>"; };
		4CD3DF771E8D6C7000E91F19 /* Base */ = {isa = PBXFileReference; lastKnownFileType = file.storyboard; name = Base; path = Base.lproj/LaunchScreen.storyboard; sourceTree = "<group>"; };
		4CD3DF791E8D6C7000E91F19 /* Info.plist */ = {isa = PBXFileReference; lastKnownFileType = text.plist.xml; path = Info.plist; sourceTree = "<group>"; };
		4CD3DF7F1E8D6D6600E91F19 /* NTMainViewController.h */ = {isa = PBXFileReference; fileEncoding = 4; lastKnownFileType = sourcecode.c.h; path = NTMainViewController.h; sourceTree = "<group>"; };
		4CD3DF801E8D6D6600E91F19 /* NTMainViewController.m */ = {isa = PBXFileReference; fileEncoding = 4; lastKnownFileType = sourcecode.c.objc; path = NTMainViewController.m; sourceTree = "<group>"; };
		4CD3DF821E8D6F7800E91F19 /* NTSexViewController.h */ = {isa = PBXFileReference; fileEncoding = 4; lastKnownFileType = sourcecode.c.h; path = NTSexViewController.h; sourceTree = "<group>"; };
		4CD3DF831E8D6F7800E91F19 /* NTSexViewController.m */ = {isa = PBXFileReference; fileEncoding = 4; lastKnownFileType = sourcecode.c.objc; path = NTSexViewController.m; sourceTree = "<group>"; };
		4CD3DF851E8D76FC00E91F19 /* NTAgeViewController.h */ = {isa = PBXFileReference; fileEncoding = 4; lastKnownFileType = sourcecode.c.h; path = NTAgeViewController.h; sourceTree = "<group>"; };
		4CD3DF861E8D76FC00E91F19 /* NTAgeViewController.m */ = {isa = PBXFileReference; fileEncoding = 4; lastKnownFileType = sourcecode.c.objc; path = NTAgeViewController.m; sourceTree = "<group>"; };
		4CD3DF881E8EAC4A00E91F19 /* NTOccasionViewController.h */ = {isa = PBXFileReference; fileEncoding = 4; lastKnownFileType = sourcecode.c.h; path = NTOccasionViewController.h; sourceTree = "<group>"; };
		4CD3DF891E8EAC4A00E91F19 /* NTOccasionViewController.m */ = {isa = PBXFileReference; fileEncoding = 4; lastKnownFileType = sourcecode.c.objc; path = NTOccasionViewController.m; sourceTree = "<group>"; };
		4CD3E0221E93B48500E91F19 /* NTGiftViewController.h */ = {isa = PBXFileReference; fileEncoding = 4; lastKnownFileType = sourcecode.c.h; path = NTGiftViewController.h; sourceTree = "<group>"; };
		4CD3E0231E93B48500E91F19 /* NTGiftViewController.m */ = {isa = PBXFileReference; fileEncoding = 4; lastKnownFileType = sourcecode.c.objc; path = NTGiftViewController.m; sourceTree = "<group>"; };
		4CD3E0251E93BA0300E91F19 /* NTGiftCell.h */ = {isa = PBXFileReference; fileEncoding = 4; lastKnownFileType = sourcecode.c.h; path = NTGiftCell.h; sourceTree = "<group>"; };
		4CD3E0261E93BA0300E91F19 /* NTGiftCell.m */ = {isa = PBXFileReference; fileEncoding = 4; lastKnownFileType = sourcecode.c.objc; path = NTGiftCell.m; sourceTree = "<group>"; };
		4CD3E0841E95502800E91F19 /* Female16-.xcassets */ = {isa = PBXFileReference; lastKnownFileType = folder.assetcatalog; name = "Female16-.xcassets"; path = "GiftyApp/Female16-.xcassets"; sourceTree = "<group>"; };
		4CD3E0851E95502800E91F19 /* Female16-30.xcassets */ = {isa = PBXFileReference; lastKnownFileType = folder.assetcatalog; name = "Female16-30.xcassets"; path = "GiftyApp/Female16-30.xcassets"; sourceTree = "<group>"; };
		4CD3E0861E95502800E91F19 /* Female30-50.xcassets */ = {isa = PBXFileReference; lastKnownFileType = folder.assetcatalog; name = "Female30-50.xcassets"; path = "GiftyApp/Female30-50.xcassets"; sourceTree = "<group>"; };
		4CD3E0871E95502800E91F19 /* Female50+.xcassets */ = {isa = PBXFileReference; lastKnownFileType = folder.assetcatalog; name = "Female50+.xcassets"; path = "GiftyApp/Female50+.xcassets"; sourceTree = "<group>"; };
		4CD3E0881E95502800E91F19 /* Male16-.xcassets */ = {isa = PBXFileReference; lastKnownFileType = folder.assetcatalog; name = "Male16-.xcassets"; path = "GiftyApp/Male16-.xcassets"; sourceTree = "<group>"; };
		4CD3E0891E95502800E91F19 /* Male16-30.xcassets */ = {isa = PBXFileReference; lastKnownFileType = folder.assetcatalog; name = "Male16-30.xcassets"; path = "GiftyApp/Male16-30.xcassets"; sourceTree = "<group>"; };
		4CD3E08A1E95502800E91F19 /* Male30-50.xcassets */ = {isa = PBXFileReference; lastKnownFileType = folder.assetcatalog; name = "Male30-50.xcassets"; path = "GiftyApp/Male30-50.xcassets"; sourceTree = "<group>"; };
		4CD3E08B1E95502800E91F19 /* Male50+.xcassets */ = {isa = PBXFileReference; lastKnownFileType = folder.assetcatalog; name = "Male50+.xcassets"; path = "GiftyApp/Male50+.xcassets"; sourceTree = "<group>"; };
		4CD3E0941E96BC5900E91F19 /* Female16-.plist */ = {isa = PBXFileReference; fileEncoding = 4; lastKnownFileType = text.plist.xml; path = "Female16-.plist"; sourceTree = "<group>"; };
		4CD3E0961E96C29600E91F19 /* Female16-30.plist */ = {isa = PBXFileReference; fileEncoding = 4; lastKnownFileType = text.plist.xml; path = "Female16-30.plist"; sourceTree = "<group>"; };
		4CD3E0991E96C89800E91F19 /* Female30-50.plist */ = {isa = PBXFileReference; fileEncoding = 4; lastKnownFileType = text.plist.xml; path = "Female30-50.plist"; sourceTree = "<group>"; };
		4CD3E09B1E96D0FC00E91F19 /* Female50+.plist */ = {isa = PBXFileReference; fileEncoding = 4; lastKnownFileType = text.plist.xml; path = "Female50+.plist"; sourceTree = "<group>"; };
/* End PBXFileReference section */

/* Begin PBXFrameworksBuildPhase section */
		4CD3DF621E8D6C7000E91F19 /* Frameworks */ = {
			isa = PBXFrameworksBuildPhase;
			buildActionMask = 2147483647;
			files = (
			);
			runOnlyForDeploymentPostprocessing = 0;
		};
/* End PBXFrameworksBuildPhase section */

/* Begin PBXGroup section */
		4CD3DF5C1E8D6C7000E91F19 = {
			isa = PBXGroup;
			children = (
				4CD3DF671E8D6C7000E91F19 /* GiftyApp */,
				4CD3DF661E8D6C7000E91F19 /* Products */,
			);
			sourceTree = "<group>";
		};
		4CD3DF661E8D6C7000E91F19 /* Products */ = {
			isa = PBXGroup;
			children = (
				4CD3DF651E8D6C7000E91F19 /* GiftyApp.app */,
			);
			name = Products;
			sourceTree = "<group>";
		};
		4CD3DF671E8D6C7000E91F19 /* GiftyApp */ = {
			isa = PBXGroup;
			children = (
				4CD3DF9F1E913B7A00E91F19 /* Cells */,
				4CD3DF8C1E8FBC4C00E91F19 /* Controllers */,
				4CD3DF711E8D6C7000E91F19 /* Main.storyboard */,
				4CD3E0981E96C2A500E91F19 /* Property Lists */,
				4CD3E0411E951F7F00E91F19 /* Assets */,
				4CD3DF681E8D6C7000E91F19 /* Supporting Files */,
			);
			path = GiftyApp;
			sourceTree = "<group>";
		};
		4CD3DF681E8D6C7000E91F19 /* Supporting Files */ = {
			isa = PBXGroup;
			children = (
				4CD3DF6B1E8D6C7000E91F19 /* AppDelegate.h */,
				4CD3DF6C1E8D6C7000E91F19 /* AppDelegate.m */,
				4CD3DF761E8D6C7000E91F19 /* LaunchScreen.storyboard */,
				4CD3DF791E8D6C7000E91F19 /* Info.plist */,
				4CD3DF691E8D6C7000E91F19 /* main.m */,
			);
			name = "Supporting Files";
			sourceTree = "<group>";
		};
		4CD3DF8B1E8FBC2100E91F19 /* Picker Controllers */ = {
			isa = PBXGroup;
			children = (
				4CD3DF821E8D6F7800E91F19 /* NTSexViewController.h */,
				4CD3DF831E8D6F7800E91F19 /* NTSexViewController.m */,
				4CD3DF851E8D76FC00E91F19 /* NTAgeViewController.h */,
				4CD3DF861E8D76FC00E91F19 /* NTAgeViewController.m */,
				4CD3DF881E8EAC4A00E91F19 /* NTOccasionViewController.h */,
				4CD3DF891E8EAC4A00E91F19 /* NTOccasionViewController.m */,
			);
			name = "Picker Controllers";
			sourceTree = "<group>";
		};
		4CD3DF8C1E8FBC4C00E91F19 /* Controllers */ = {
			isa = PBXGroup;
			children = (
				4CD3DF7F1E8D6D6600E91F19 /* NTMainViewController.h */,
				4CD3DF801E8D6D6600E91F19 /* NTMainViewController.m */,
				4CD3DF8B1E8FBC2100E91F19 /* Picker Controllers */,
				4CD3E0221E93B48500E91F19 /* NTGiftViewController.h */,
				4CD3E0231E93B48500E91F19 /* NTGiftViewController.m */,
			);
			name = Controllers;
			sourceTree = "<group>";
		};
		4CD3DF9F1E913B7A00E91F19 /* Cells */ = {
			isa = PBXGroup;
			children = (
				4CD3E0251E93BA0300E91F19 /* NTGiftCell.h */,
				4CD3E0261E93BA0300E91F19 /* NTGiftCell.m */,
			);
			name = Cells;
			sourceTree = "<group>";
		};
		4CD3E0411E951F7F00E91F19 /* Assets */ = {
			isa = PBXGroup;
			children = (
				4CD3DF741E8D6C7000E91F19 /* Assets.xcassets */,
				4CD3E0841E95502800E91F19 /* Female16-.xcassets */,
				4CD3E0851E95502800E91F19 /* Female16-30.xcassets */,
				4CD3E0861E95502800E91F19 /* Female30-50.xcassets */,
				4CD3E0871E95502800E91F19 /* Female50+.xcassets */,
				4CD3E0881E95502800E91F19 /* Male16-.xcassets */,
				4CD3E0891E95502800E91F19 /* Male16-30.xcassets */,
				4CD3E08A1E95502800E91F19 /* Male30-50.xcassets */,
				4CD3E08B1E95502800E91F19 /* Male50+.xcassets */,
			);
			name = Assets;
			path = ..;
			sourceTree = "<group>";
		};
		4CD3E0981E96C2A500E91F19 /* Property Lists */ = {
			isa = PBXGroup;
			children = (
				4CD3E0941E96BC5900E91F19 /* Female16-.plist */,
				4CD3E0961E96C29600E91F19 /* Female16-30.plist */,
				4CD3E0991E96C89800E91F19 /* Female30-50.plist */,
				4CD3E09B1E96D0FC00E91F19 /* Female50+.plist */,
			);
			name = "Property Lists";
			sourceTree = "<group>";
		};
/* End PBXGroup section */

/* Begin PBXNativeTarget section */
		4CD3DF641E8D6C7000E91F19 /* GiftyApp */ = {
			isa = PBXNativeTarget;
			buildConfigurationList = 4CD3DF7C1E8D6C7000E91F19 /* Build configuration list for PBXNativeTarget "GiftyApp" */;
			buildPhases = (
				4CD3DF611E8D6C7000E91F19 /* Sources */,
				4CD3DF621E8D6C7000E91F19 /* Frameworks */,
				4CD3DF631E8D6C7000E91F19 /* Resources */,
			);
			buildRules = (
			);
			dependencies = (
			);
			name = GiftyApp;
			productName = GiftyApp;
			productReference = 4CD3DF651E8D6C7000E91F19 /* GiftyApp.app */;
			productType = "com.apple.product-type.application";
		};
/* End PBXNativeTarget section */

/* Begin PBXProject section */
		4CD3DF5D1E8D6C7000E91F19 /* Project object */ = {
			isa = PBXProject;
			attributes = {
				LastUpgradeCheck = 0830;
				ORGANIZATIONNAME = "Nikita Teslyuk";
				TargetAttributes = {
					4CD3DF641E8D6C7000E91F19 = {
						CreatedOnToolsVersion = 8.3;
						DevelopmentTeam = CJS444RRKW;
						ProvisioningStyle = Automatic;
					};
				};
			};
			buildConfigurationList = 4CD3DF601E8D6C7000E91F19 /* Build configuration list for PBXProject "GiftyApp" */;
			compatibilityVersion = "Xcode 3.2";
			developmentRegion = English;
			hasScannedForEncodings = 0;
			knownRegions = (
				en,
				Base,
			);
			mainGroup = 4CD3DF5C1E8D6C7000E91F19;
			productRefGroup = 4CD3DF661E8D6C7000E91F19 /* Products */;
			projectDirPath = "";
			projectRoot = "";
			targets = (
				4CD3DF641E8D6C7000E91F19 /* GiftyApp */,
			);
		};
/* End PBXProject section */

/* Begin PBXResourcesBuildPhase section */
		4CD3DF631E8D6C7000E91F19 /* Resources */ = {
			isa = PBXResourcesBuildPhase;
			buildActionMask = 2147483647;
			files = (
				4CD3E09A1E96C89800E91F19 /* Female30-50.plist in Resources */,
				4CD3E08F1E95502800E91F19 /* Female50+.xcassets in Resources */,
				4CD3E08C1E95502800E91F19 /* Female16-.xcassets in Resources */,
				4CD3E0921E95502800E91F19 /* Male30-50.xcassets in Resources */,
				4CD3E09C1E96D0FC00E91F19 /* Female50+.plist in Resources */,
				4CD3DF781E8D6C7000E91F19 /* LaunchScreen.storyboard in Resources */,
				4CD3E0931E95502800E91F19 /* Male50+.xcassets in Resources */,
				4CD3E0911E95502800E91F19 /* Male16-30.xcassets in Resources */,
				4CD3DF751E8D6C7000E91F19 /* Assets.xcassets in Resources */,
				4CD3E0971E96C29600E91F19 /* Female16-30.plist in Resources */,
				4CD3E0951E96BC5900E91F19 /* Female16-.plist in Resources */,
				4CD3E08D1E95502800E91F19 /* Female16-30.xcassets in Resources */,
				4CD3DF731E8D6C7000E91F19 /* Main.storyboard in Resources */,
				4CD3E08E1E95502800E91F19 /* Female30-50.xcassets in Resources */,
				4CD3E0901E95502800E91F19 /* Male16-.xcassets in Resources */,
			);
			runOnlyForDeploymentPostprocessing = 0;
		};
/* End PBXResourcesBuildPhase section */

/* Begin PBXSourcesBuildPhase section */
		4CD3DF611E8D6C7000E91F19 /* Sources */ = {
			isa = PBXSourcesBuildPhase;
			buildActionMask = 2147483647;
			files = (
				4CD3DF6D1E8D6C7000E91F19 /* AppDelegate.m in Sources */,
				4CD3DF841E8D6F7800E91F19 /* NTSexViewController.m in Sources */,
				4CD3DF6A1E8D6C7000E91F19 /* main.m in Sources */,
				4CD3E0271E93BA0300E91F19 /* NTGiftCell.m in Sources */,
				4CD3DF811E8D6D6600E91F19 /* NTMainViewController.m in Sources */,
				4CD3DF871E8D76FC00E91F19 /* NTAgeViewController.m in Sources */,
				4CD3DF8A1E8EAC4A00E91F19 /* NTOccasionViewController.m in Sources */,
				4CD3E0241E93B48500E91F19 /* NTGiftViewController.m in Sources */,
			);
			runOnlyForDeploymentPostprocessing = 0;
		};
/* End PBXSourcesBuildPhase section */

/* Begin PBXVariantGroup section */
		4CD3DF711E8D6C7000E91F19 /* Main.storyboard */ = {
			isa = PBXVariantGroup;
			children = (
				4CD3DF721E8D6C7000E91F19 /* Base */,
			);
			name = Main.storyboard;
			sourceTree = "<group>";
		};
		4CD3DF761E8D6C7000E91F19 /* LaunchScreen.storyboard */ = {
			isa = PBXVariantGroup;
			children = (
				4CD3DF771E8D6C7000E91F19 /* Base */,
			);
			name = LaunchScreen.storyboard;
			sourceTree = "<group>";
		};
/* End PBXVariantGroup section */

/* Begin XCBuildConfiguration section */
		4CD3DF7A1E8D6C7000E91F19 /* Debug */ = {
			isa = XCBuildConfiguration;
			buildSettings = {
				ALWAYS_SEARCH_USER_PATHS = NO;
				CLANG_ANALYZER_NONNULL = YES;
				CLANG_ANALYZER_NUMBER_OBJECT_CONVERSION = YES_AGGRESSIVE;
				CLANG_CXX_LANGUAGE_STANDARD = "gnu++0x";
				CLANG_CXX_LIBRARY = "libc++";
				CLANG_ENABLE_MODULES = YES;
				CLANG_ENABLE_OBJC_ARC = YES;
				CLANG_WARN_BOOL_CONVERSION = YES;
				CLANG_WARN_CONSTANT_CONVERSION = YES;
				CLANG_WARN_DIRECT_OBJC_ISA_USAGE = YES_ERROR;
				CLANG_WARN_DOCUMENTATION_COMMENTS = YES;
				CLANG_WARN_EMPTY_BODY = YES;
				CLANG_WARN_ENUM_CONVERSION = YES;
				CLANG_WARN_INFINITE_RECURSION = YES;
				CLANG_WARN_INT_CONVERSION = YES;
				CLANG_WARN_OBJC_ROOT_CLASS = YES_ERROR;
				CLANG_WARN_SUSPICIOUS_MOVE = YES;
				CLANG_WARN_UNREACHABLE_CODE = YES;
				CLANG_WARN__DUPLICATE_METHOD_MATCH = YES;
				"CODE_SIGN_IDENTITY[sdk=iphoneos*]" = "iPhone Developer";
				COPY_PHASE_STRIP = NO;
				DEBUG_INFORMATION_FORMAT = dwarf;
				ENABLE_STRICT_OBJC_MSGSEND = YES;
				ENABLE_TESTABILITY = YES;
				GCC_C_LANGUAGE_STANDARD = gnu99;
				GCC_DYNAMIC_NO_PIC = NO;
				GCC_NO_COMMON_BLOCKS = YES;
				GCC_OPTIMIZATION_LEVEL = 0;
				GCC_PREPROCESSOR_DEFINITIONS = (
					"DEBUG=1",
					"$(inherited)",
				);
				GCC_WARN_64_TO_32_BIT_CONVERSION = YES;
				GCC_WARN_ABOUT_RETURN_TYPE = YES_ERROR;
				GCC_WARN_UNDECLARED_SELECTOR = YES;
				GCC_WARN_UNINITIALIZED_AUTOS = YES_AGGRESSIVE;
				GCC_WARN_UNUSED_FUNCTION = YES;
				GCC_WARN_UNUSED_VARIABLE = YES;
				IPHONEOS_DEPLOYMENT_TARGET = 10.3;
				MTL_ENABLE_DEBUG_INFO = YES;
				ONLY_ACTIVE_ARCH = YES;
				SDKROOT = iphoneos;
			};
			name = Debug;
		};
		4CD3DF7B1E8D6C7000E91F19 /* Release */ = {
			isa = XCBuildConfiguration;
			buildSettings = {
				ALWAYS_SEARCH_USER_PATHS = NO;
				CLANG_ANALYZER_NONNULL = YES;
				CLANG_ANALYZER_NUMBER_OBJECT_CONVERSION = YES_AGGRESSIVE;
				CLANG_CXX_LANGUAGE_STANDARD = "gnu++0x";
				CLANG_CXX_LIBRARY = "libc++";
				CLANG_ENABLE_MODULES = YES;
				CLANG_ENABLE_OBJC_ARC = YES;
				CLANG_WARN_BOOL_CONVERSION = YES;
				CLANG_WARN_CONSTANT_CONVERSION = YES;
				CLANG_WARN_DIRECT_OBJC_ISA_USAGE = YES_ERROR;
				CLANG_WARN_DOCUMENTATION_COMMENTS = YES;
				CLANG_WARN_EMPTY_BODY = YES;
				CLANG_WARN_ENUM_CONVERSION = YES;
				CLANG_WARN_INFINITE_RECURSION = YES;
				CLANG_WARN_INT_CONVERSION = YES;
				CLANG_WARN_OBJC_ROOT_CLASS = YES_ERROR;
				CLANG_WARN_SUSPICIOUS_MOVE = YES;
				CLANG_WARN_UNREACHABLE_CODE = YES;
				CLANG_WARN__DUPLICATE_METHOD_MATCH = YES;
				"CODE_SIGN_IDENTITY[sdk=iphoneos*]" = "iPhone Developer";
				COPY_PHASE_STRIP = NO;
				DEBUG_INFORMATION_FORMAT = "dwarf-with-dsym";
				ENABLE_NS_ASSERTIONS = NO;
				ENABLE_STRICT_OBJC_MSGSEND = YES;
				GCC_C_LANGUAGE_STANDARD = gnu99;
				GCC_NO_COMMON_BLOCKS = YES;
				GCC_WARN_64_TO_32_BIT_CONVERSION = YES;
				GCC_WARN_ABOUT_RETURN_TYPE = YES_ERROR;
				GCC_WARN_UNDECLARED_SELECTOR = YES;
				GCC_WARN_UNINITIALIZED_AUTOS = YES_AGGRESSIVE;
				GCC_WARN_UNUSED_FUNCTION = YES;
				GCC_WARN_UNUSED_VARIABLE = YES;
				IPHONEOS_DEPLOYMENT_TARGET = 10.3;
				MTL_ENABLE_DEBUG_INFO = NO;
				SDKROOT = iphoneos;
				VALIDATE_PRODUCT = YES;
			};
			name = Release;
		};
		4CD3DF7D1E8D6C7000E91F19 /* Debug */ = {
			isa = XCBuildConfiguration;
			buildSettings = {
				ASSETCATALOG_COMPILER_APPICON_NAME = AppIcon;
				DEVELOPMENT_TEAM = CJS444RRKW;
				INFOPLIST_FILE = GiftyApp/Info.plist;
				LD_RUNPATH_SEARCH_PATHS = "$(inherited) @executable_path/Frameworks";
				PRODUCT_BUNDLE_IDENTIFIER = com.nikitateslyuk.dev.GiftyApp;
				PRODUCT_NAME = "$(TARGET_NAME)";
			};
			name = Debug;
		};
		4CD3DF7E1E8D6C7000E91F19 /* Release */ = {
			isa = XCBuildConfiguration;
			buildSettings = {
				ASSETCATALOG_COMPILER_APPICON_NAME = AppIcon;
				DEVELOPMENT_TEAM = CJS444RRKW;
				INFOPLIST_FILE = GiftyApp/Info.plist;
				LD_RUNPATH_SEARCH_PATHS = "$(inherited) @executable_path/Frameworks";
				PRODUCT_BUNDLE_IDENTIFIER = com.nikitateslyuk.dev.GiftyApp;
				PRODUCT_NAME = "$(TARGET_NAME)";
			};
			name = Release;
		};
/* End XCBuildConfiguration section */

/* Begin XCConfigurationList section */
		4CD3DF601E8D6C7000E91F19 /* Build configuration list for PBXProject "GiftyApp" */ = {
			isa = XCConfigurationList;
			buildConfigurations = (
				4CD3DF7A1E8D6C7000E91F19 /* Debug */,
				4CD3DF7B1E8D6C7000E91F19 /* Release */,
			);
			defaultConfigurationIsVisible = 0;
			defaultConfigurationName = Release;
		};
		4CD3DF7C1E8D6C7000E91F19 /* Build configuration list for PBXNativeTarget "GiftyApp" */ = {
			isa = XCConfigurationList;
			buildConfigurations = (
				4CD3DF7D1E8D6C7000E91F19 /* Debug */,
				4CD3DF7E1E8D6C7000E91F19 /* Release */,
			);
			defaultConfigurationIsVisible = 0;
			defaultConfigurationName = Release;
		};
/* End XCConfigurationList section */
	};
	rootObject = 4CD3DF5D1E8D6C7000E91F19 /* Project object */;
}
